
Microsoft Visual Studio Solution File, Format Version 9.00
# Visual C# Express 2005
Project("{FAE04EC0-301F-11D3-BF4B-00C04F79EFBC}") = "TestFramework", "TestFramework\TestFramework.csproj", "{41F78DAE-A428-4E77-B72C-D6E5E114BADD}"
EndProject
Project("{FAE04EC0-301F-11D3-BF4B-00C04F79EFBC}") = "SimpleAI", "SimpleAI\SimpleAI.csproj", "{CDD50067-EF51-4B5A-94E0-0A609326B16D}"
EndProject
Project("{FAE04EC0-301F-11D3-BF4B-00C04F79EFBC}") = "SimpleEngine", "SimpleEngine\SimpleEngine.csproj", "{E8F41122-EC0E-4E0B-804D-AFEDD35D1357}"
EndProject
Global
	GlobalSection(SolutionConfigurationPlatforms) = preSolution
		Debug|x86 = Debug|x86
		Release|x86 = Release|x86
	EndGlobalSection
	GlobalSection(ProjectConfigurationPlatforms) = postSolution
		{41F78DAE-A428-4E77-B72C-D6E5E114BADD}.Debug|x86.ActiveCfg = Debug|x86
		{41F78DAE-A428-4E77-B72C-D6E5E114BADD}.Debug|x86.Build.0 = Debug|x86
		{41F78DAE-A428-4E77-B72C-D6E5E114BADD}.Release|x86.ActiveCfg = Release|x86
		{41F78DAE-A428-4E77-B72C-D6E5E114BADD}.Release|x86.Build.0 = Release|x86
		{8FD1D1B3-1B9E-4F75-AAC7-52B350435E41}.Debug|x86.ActiveCfg = Debug|x86
		{8FD1D1B3-1B9E-4F75-AAC7-52B350435E41}.Release|x86.ActiveCfg = Release|x86
		{CDD50067-EF51-4B5A-94E0-0A609326B16D}.Debug|x86.ActiveCfg = Debug|x86
		{CDD50067-EF51-4B5A-94E0-0A609326B16D}.Debug|x86.Build.0 = Debug|x86
		{CDD50067-EF51-4B5A-94E0-0A609326B16D}.Release|x86.ActiveCfg = Release|x86
		{CDD50067-EF51-4B5A-94E0-0A609326B16D}.Release|x86.Build.0 = Release|x86
		{CB2C0EAF-2091-4418-88D9-216028282DF0}.Debug|x86.ActiveCfg = Debug|x86
		{CB2C0EAF-2091-4418-88D9-216028282DF0}.Release|x86.ActiveCfg = Release|x86
		{E8F41122-EC0E-4E0B-804D-AFEDD35D1357}.Debug|x86.ActiveCfg = Debug|x86
		{E8F41122-EC0E-4E0B-804D-AFEDD35D1357}.Debug|x86.Build.0 = Debug|x86
		{E8F41122-EC0E-4E0B-804D-AFEDD35D1357}.Release|x86.ActiveCfg = Release|x86
		{E8F41122-EC0E-4E0B-804D-AFEDD35D1357}.Release|x86.Build.0 = Release|x86
		{598F367C-0732-424B-A1FA-E6BF71434FC4}.Debug|x86.ActiveCfg = Debug|x86
		{598F367C-0732-424B-A1FA-E6BF71434FC4}.Release|x86.ActiveCfg = Release|x86
	EndGlobalSection
	GlobalSection(SolutionProperties) = preSolution
		HideSolutionNode = FALSE
	EndGlobalSection
EndGlobal
